
Microsoft Visual Studio Solution File, Format Version 12.00
# Visual Studio 15
VisualStudioVersion = 15.0.27428.2015
MinimumVisualStudioVersion = 10.0.40219.1
Project("{FAE04EC0-301F-11D3-BF4B-00C04F79EFBC}") = "Task1", "Task1\Task1.csproj", "{255DDD56-7946-4A17-B36D-DA51D42078FA}"
EndProject
Project("{FAE04EC0-301F-11D3-BF4B-00C04F79EFBC}") = "Task2", "Task2\Task2.csproj", "{4A26F192-2132-4244-A53D-64E3A0FAF6C0}"
EndProject
Project("{FAE04EC0-301F-11D3-BF4B-00C04F79EFBC}") = "Task3", "Task3\Task3.csproj", "{963E1C05-9561-4A3D-9601-C8A492F39F25}"
EndProject
Project("{FAE04EC0-301F-11D3-BF4B-00C04F79EFBC}") = "Task4", "Task4\Task4.csproj", "{C50FF3D7-734C-407B-B8C1-76407FAD6AB7}"
EndProject
Project("{FAE04EC0-301F-11D3-BF4B-00C04F79EFBC}") = "Task5", "Task5\Task5.csproj", "{354E23C8-8B5E-4813-96D0-419322B6B9CC}"
EndProject
Project("{FAE04EC0-301F-11D3-BF4B-00C04F79EFBC}") = "Task6", "Task6\Task6.csproj", "{4ACCCB2E-0961-407F-A17F-D45EC139BD80}"
EndProject
Project("{FAE04EC0-301F-11D3-BF4B-00C04F79EFBC}") = "Task7", "Task7\Task7.csproj", "{9CA04F93-2627-484F-9C20-0FB187B98CD3}"
EndProject
Project("{FAE04EC0-301F-11D3-BF4B-00C04F79EFBC}") = "Task8", "Task8\Task8.csproj", "{3726FB9D-3266-4D4F-8E83-A3A33302E345}"
EndProject
Project("{FAE04EC0-301F-11D3-BF4B-00C04F79EFBC}") = "Task9", "Task9\Task9.csproj", "{DA7402FC-5633-4C3E-9CC6-7F2FB2A97519}"
EndProject
Project("{FAE04EC0-301F-11D3-BF4B-00C04F79EFBC}") = "Task10", "Task10\Task10.csproj", "{BA1CFAFB-8522-4884-8B4F-4051C88FAAC2}"
EndProject
Global
	GlobalSection(SolutionConfigurationPlatforms) = preSolution
		Debug|Any CPU = Debug|Any CPU
		Release|Any CPU = Release|Any CPU
	EndGlobalSection
	GlobalSection(ProjectConfigurationPlatforms) = postSolution
		{255DDD56-7946-4A17-B36D-DA51D42078FA}.Debug|Any CPU.ActiveCfg = Debug|Any CPU
		{255DDD56-7946-4A17-B36D-DA51D42078FA}.Debug|Any CPU.Build.0 = Debug|Any CPU
		{255DDD56-7946-4A17-B36D-DA51D42078FA}.Release|Any CPU.ActiveCfg = Release|Any CPU
		{255DDD56-7946-4A17-B36D-DA51D42078FA}.Release|Any CPU.Build.0 = Release|Any CPU
		{4A26F192-2132-4244-A53D-64E3A0FAF6C0}.Debug|Any CPU.ActiveCfg = Debug|Any CPU
		{4A26F192-2132-4244-A53D-64E3A0FAF6C0}.Debug|Any CPU.Build.0 = Debug|Any CPU
		{4A26F192-2132-4244-A53D-64E3A0FAF6C0}.Release|Any CPU.ActiveCfg = Release|Any CPU
		{4A26F192-2132-4244-A53D-64E3A0FAF6C0}.Release|Any CPU.Build.0 = Release|Any CPU
		{963E1C05-9561-4A3D-9601-C8A492F39F25}.Debug|Any CPU.ActiveCfg = Debug|Any CPU
		{963E1C05-9561-4A3D-9601-C8A492F39F25}.Debug|Any CPU.Build.0 = Debug|Any CPU
		{963E1C05-9561-4A3D-9601-C8A492F39F25}.Release|Any CPU.ActiveCfg = Release|Any CPU
		{963E1C05-9561-4A3D-9601-C8A492F39F25}.Release|Any CPU.Build.0 = Release|Any CPU
		{C50FF3D7-734C-407B-B8C1-76407FAD6AB7}.Debug|Any CPU.ActiveCfg = Debug|Any CPU
		{C50FF3D7-734C-407B-B8C1-76407FAD6AB7}.Debug|Any CPU.Build.0 = Debug|Any CPU
		{C50FF3D7-734C-407B-B8C1-76407FAD6AB7}.Release|Any CPU.ActiveCfg = Release|Any CPU
		{C50FF3D7-734C-407B-B8C1-76407FAD6AB7}.Release|Any CPU.Build.0 = Release|Any CPU
		{354E23C8-8B5E-4813-96D0-419322B6B9CC}.Debug|Any CPU.ActiveCfg = Debug|Any CPU
		{354E23C8-8B5E-4813-96D0-419322B6B9CC}.Debug|Any CPU.Build.0 = Debug|Any CPU
		{354E23C8-8B5E-4813-96D0-419322B6B9CC}.Release|Any CPU.ActiveCfg = Release|Any CPU
		{354E23C8-8B5E-4813-96D0-419322B6B9CC}.Release|Any CPU.Build.0 = Release|Any CPU
		{4ACCCB2E-0961-407F-A17F-D45EC139BD80}.Debug|Any CPU.ActiveCfg = Debug|Any CPU
		{4ACCCB2E-0961-407F-A17F-D45EC139BD80}.Debug|Any CPU.Build.0 = Debug|Any CPU
		{4ACCCB2E-0961-407F-A17F-D45EC139BD80}.Release|Any CPU.ActiveCfg = Release|Any CPU
		{4ACCCB2E-0961-407F-A17F-D45EC139BD80}.Release|Any CPU.Build.0 = Release|Any CPU
		{9CA04F93-2627-484F-9C20-0FB187B98CD3}.Debug|Any CPU.ActiveCfg = Debug|Any CPU
		{9CA04F93-2627-484F-9C20-0FB187B98CD3}.Debug|Any CPU.Build.0 = Debug|Any CPU
		{9CA04F93-2627-484F-9C20-0FB187B98CD3}.Release|Any CPU.ActiveCfg = Release|Any CPU
		{9CA04F93-2627-484F-9C20-0FB187B98CD3}.Release|Any CPU.Build.0 = Release|Any CPU
		{3726FB9D-3266-4D4F-8E83-A3A33302E345}.Debug|Any CPU.ActiveCfg = Debug|Any CPU
		{3726FB9D-3266-4D4F-8E83-A3A33302E345}.Debug|Any CPU.Build.0 = Debug|Any CPU
		{3726FB9D-3266-4D4F-8E83-A3A33302E345}.Release|Any CPU.ActiveCfg = Release|Any CPU
		{3726FB9D-3266-4D4F-8E83-A3A33302E345}.Release|Any CPU.Build.0 = Release|Any CPU
		{DA7402FC-5633-4C3E-9CC6-7F2FB2A97519}.Debug|Any CPU.ActiveCfg = Debug|Any CPU
		{DA7402FC-5633-4C3E-9CC6-7F2FB2A97519}.Debug|Any CPU.Build.0 = Debug|Any CPU
		{DA7402FC-5633-4C3E-9CC6-7F2FB2A97519}.Release|Any CPU.ActiveCfg = Release|Any CPU
		{DA7402FC-5633-4C3E-9CC6-7F2FB2A97519}.Release|Any CPU.Build.0 = Release|Any CPU
		{BA1CFAFB-8522-4884-8B4F-4051C88FAAC2}.Debug|Any CPU.ActiveCfg = Debug|Any CPU
		{BA1CFAFB-8522-4884-8B4F-4051C88FAAC2}.Debug|Any CPU.Build.0 = Debug|Any CPU
		{BA1CFAFB-8522-4884-8B4F-4051C88FAAC2}.Release|Any CPU.ActiveCfg = Release|Any CPU
		{BA1CFAFB-8522-4884-8B4F-4051C88FAAC2}.Release|Any CPU.Build.0 = Release|Any CPU
	EndGlobalSection
	GlobalSection(SolutionProperties) = preSolution
		HideSolutionNode = FALSE
	EndGlobalSection
	GlobalSection(ExtensibilityGlobals) = postSolution
		SolutionGuid = {78A5A435-3D29-48A4-9C0E-0B01D2CBA4F8}
	EndGlobalSection
EndGlobal
