
Microsoft Visual Studio Solution File, Format Version 12.00
# Visual Studio 15
VisualStudioVersion = 15.0.27004.2006
MinimumVisualStudioVersion = 10.0.40219.1
Project("{9A19103F-16F7-4668-BE54-9A1E7A4F7556}") = "CarDealer.Web", "CarDealer.Web\CarDealer.Web.csproj", "{B52D7153-F950-44C0-9B01-AB8A00C99E80}"
EndProject
Project("{9A19103F-16F7-4668-BE54-9A1E7A4F7556}") = "CarDealer.Data", "CarDealer.Data\CarDealer.Data.csproj", "{846CF80E-CF14-4673-9901-8307E823CA58}"
EndProject
Project("{9A19103F-16F7-4668-BE54-9A1E7A4F7556}") = "CarDealer.Services", "CarDealer.Services\CarDealer.Services.csproj", "{0AB5FFEE-5A34-41AF-82EB-36F1E78ABD7A}"
EndProject
Global
	GlobalSection(SolutionConfigurationPlatforms) = preSolution
		Debug|Any CPU = Debug|Any CPU
		Release|Any CPU = Release|Any CPU
	EndGlobalSection
	GlobalSection(ProjectConfigurationPlatforms) = postSolution
		{B52D7153-F950-44C0-9B01-AB8A00C99E80}.Debug|Any CPU.ActiveCfg = Debug|Any CPU
		{B52D7153-F950-44C0-9B01-AB8A00C99E80}.Debug|Any CPU.Build.0 = Debug|Any CPU
		{B52D7153-F950-44C0-9B01-AB8A00C99E80}.Release|Any CPU.ActiveCfg = Release|Any CPU
		{B52D7153-F950-44C0-9B01-AB8A00C99E80}.Release|Any CPU.Build.0 = Release|Any CPU
		{846CF80E-CF14-4673-9901-8307E823CA58}.Debug|Any CPU.ActiveCfg = Debug|Any CPU
		{846CF80E-CF14-4673-9901-8307E823CA58}.Debug|Any CPU.Build.0 = Debug|Any CPU
		{846CF80E-CF14-4673-9901-8307E823CA58}.Release|Any CPU.ActiveCfg = Release|Any CPU
		{846CF80E-CF14-4673-9901-8307E823CA58}.Release|Any CPU.Build.0 = Release|Any CPU
		{0AB5FFEE-5A34-41AF-82EB-36F1E78ABD7A}.Debug|Any CPU.ActiveCfg = Debug|Any CPU
		{0AB5FFEE-5A34-41AF-82EB-36F1E78ABD7A}.Debug|Any CPU.Build.0 = Debug|Any CPU
		{0AB5FFEE-5A34-41AF-82EB-36F1E78ABD7A}.Release|Any CPU.ActiveCfg = Release|Any CPU
		{0AB5FFEE-5A34-41AF-82EB-36F1E78ABD7A}.Release|Any CPU.Build.0 = Release|Any CPU
	EndGlobalSection
	GlobalSection(SolutionProperties) = preSolution
		HideSolutionNode = FALSE
	EndGlobalSection
	GlobalSection(ExtensibilityGlobals) = postSolution
		SolutionGuid = {BD791706-4C1D-4209-9404-B591238CEEF0}
	EndGlobalSection
EndGlobal
