
Microsoft Visual Studio Solution File, Format Version 12.00
# Visual Studio 15
VisualStudioVersion = 15.0.27004.2009
MinimumVisualStudioVersion = 10.0.40219.1
Project("{FAE04EC0-301F-11D3-BF4B-00C04F79EFBC}") = "CameraBazaar.Web", "CameraBazaar.Web\CameraBazaar.Web.csproj", "{A3B838E1-11E6-49F6-94F0-7BB874CD6657}"
EndProject
Project("{FAE04EC0-301F-11D3-BF4B-00C04F79EFBC}") = "CameraBazaar.Data", "CameraBazaar.Data\CameraBazaar.Data.csproj", "{1473A681-6E1D-4A90-803C-8C8779B2716A}"
EndProject
Project("{FAE04EC0-301F-11D3-BF4B-00C04F79EFBC}") = "CameraBazaar.Services", "CameraBazaar.Services\CameraBazaar.Services.csproj", "{3BD89177-9731-41F9-985B-B209222ADE39}"
EndProject
Global
	GlobalSection(SolutionConfigurationPlatforms) = preSolution
		Debug|Any CPU = Debug|Any CPU
		Release|Any CPU = Release|Any CPU
	EndGlobalSection
	GlobalSection(ProjectConfigurationPlatforms) = postSolution
		{A3B838E1-11E6-49F6-94F0-7BB874CD6657}.Debug|Any CPU.ActiveCfg = Debug|Any CPU
		{A3B838E1-11E6-49F6-94F0-7BB874CD6657}.Debug|Any CPU.Build.0 = Debug|Any CPU
		{A3B838E1-11E6-49F6-94F0-7BB874CD6657}.Release|Any CPU.ActiveCfg = Release|Any CPU
		{A3B838E1-11E6-49F6-94F0-7BB874CD6657}.Release|Any CPU.Build.0 = Release|Any CPU
		{1473A681-6E1D-4A90-803C-8C8779B2716A}.Debug|Any CPU.ActiveCfg = Debug|Any CPU
		{1473A681-6E1D-4A90-803C-8C8779B2716A}.Debug|Any CPU.Build.0 = Debug|Any CPU
		{1473A681-6E1D-4A90-803C-8C8779B2716A}.Release|Any CPU.ActiveCfg = Release|Any CPU
		{1473A681-6E1D-4A90-803C-8C8779B2716A}.Release|Any CPU.Build.0 = Release|Any CPU
		{3BD89177-9731-41F9-985B-B209222ADE39}.Debug|Any CPU.ActiveCfg = Debug|Any CPU
		{3BD89177-9731-41F9-985B-B209222ADE39}.Debug|Any CPU.Build.0 = Debug|Any CPU
		{3BD89177-9731-41F9-985B-B209222ADE39}.Release|Any CPU.ActiveCfg = Release|Any CPU
		{3BD89177-9731-41F9-985B-B209222ADE39}.Release|Any CPU.Build.0 = Release|Any CPU
	EndGlobalSection
	GlobalSection(SolutionProperties) = preSolution
		HideSolutionNode = FALSE
	EndGlobalSection
	GlobalSection(ExtensibilityGlobals) = postSolution
		SolutionGuid = {D0BD8AF2-2DEF-4D1E-860B-66185BA6C263}
	EndGlobalSection
EndGlobal
